
Microsoft Visual Studio Solution File, Format Version 12.00
# Visual Studio Version 16
VisualStudioVersion = 16.0.29025.244
MinimumVisualStudioVersion = 10.0.40219.1
Project("{9A19103F-16F7-4668-BE54-9A1E7A4F7556}") = "OdeToFood", "OdeToFood\OdeToFood.csproj", "{7D65FAD6-32EB-4AB5-AF59-68528F1D33BB}"
EndProject
Project("{9A19103F-16F7-4668-BE54-9A1E7A4F7556}") = "OdeToFood.core", "OdeToFood.core\OdeToFood.core.csproj", "{CAD59895-AE46-4042-A703-1F39121976B3}"
EndProject
Project("{9A19103F-16F7-4668-BE54-9A1E7A4F7556}") = "OdeToFood.data", "OdeToFood.data\OdeToFood.data.csproj", "{9CD35A89-9961-46E2-93F0-D78FAC37445D}"
EndProject
Global
	GlobalSection(SolutionConfigurationPlatforms) = preSolution
		Debug|Any CPU = Debug|Any CPU
		Release|Any CPU = Release|Any CPU
	EndGlobalSection
	GlobalSection(ProjectConfigurationPlatforms) = postSolution
		{7D65FAD6-32EB-4AB5-AF59-68528F1D33BB}.Debug|Any CPU.ActiveCfg = Debug|Any CPU
		{7D65FAD6-32EB-4AB5-AF59-68528F1D33BB}.Debug|Any CPU.Build.0 = Debug|Any CPU
		{7D65FAD6-32EB-4AB5-AF59-68528F1D33BB}.Release|Any CPU.ActiveCfg = Release|Any CPU
		{7D65FAD6-32EB-4AB5-AF59-68528F1D33BB}.Release|Any CPU.Build.0 = Release|Any CPU
		{CAD59895-AE46-4042-A703-1F39121976B3}.Debug|Any CPU.ActiveCfg = Debug|Any CPU
		{CAD59895-AE46-4042-A703-1F39121976B3}.Debug|Any CPU.Build.0 = Debug|Any CPU
		{CAD59895-AE46-4042-A703-1F39121976B3}.Release|Any CPU.ActiveCfg = Release|Any CPU
		{CAD59895-AE46-4042-A703-1F39121976B3}.Release|Any CPU.Build.0 = Release|Any CPU
		{9CD35A89-9961-46E2-93F0-D78FAC37445D}.Debug|Any CPU.ActiveCfg = Debug|Any CPU
		{9CD35A89-9961-46E2-93F0-D78FAC37445D}.Debug|Any CPU.Build.0 = Debug|Any CPU
		{9CD35A89-9961-46E2-93F0-D78FAC37445D}.Release|Any CPU.ActiveCfg = Release|Any CPU
		{9CD35A89-9961-46E2-93F0-D78FAC37445D}.Release|Any CPU.Build.0 = Release|Any CPU
	EndGlobalSection
	GlobalSection(SolutionProperties) = preSolution
		HideSolutionNode = FALSE
	EndGlobalSection
	GlobalSection(ExtensibilityGlobals) = postSolution
		SolutionGuid = {E293C210-BE7A-446D-B1A2-2D7F3CFCCB16}
	EndGlobalSection
EndGlobal
